// !$*UTF8*$!
{
	archiveVersion = 1;
	classes = {
	};
	objectVersion = 51;
	objects = {

/* Begin PBXBuildFile section */
		04AA865A77568756FC1ADBA2 /* Pods_Micro_blogging_platform.framework in Frameworks */ = {isa = PBXBuildFile; fileRef = 4AFC8252220396C0C97422A7 /* Pods_Micro_blogging_platform.framework */; };
		35ABE579BFBD3E2E4B4A458D /* Pods_Micro_blogging_platformTests.framework in Frameworks */ = {isa = PBXBuildFile; fileRef = BF630454E3DCDAEB3D28266D /* Pods_Micro_blogging_platformTests.framework */; };
		ECDEB5F33BA398C24AD721AF /* Pods_Micro_blogging_platform_Micro_blogging_platformUITests.framework in Frameworks */ = {isa = PBXBuildFile; fileRef = 70C89B96F433B17C5FA23DA5 /* Pods_Micro_blogging_platform_Micro_blogging_platformUITests.framework */; };
		EE2403E024F16EBA00E91414 /* AsyncImage.swift in Sources */ = {isa = PBXBuildFile; fileRef = EE2403DF24F16EBA00E91414 /* AsyncImage.swift */; };
		EE2403E224F16EEE00E91414 /* ImageLoaderObservable.swift in Sources */ = {isa = PBXBuildFile; fileRef = EE2403E124F16EEE00E91414 /* ImageLoaderObservable.swift */; };
		EE2403E424F16F3400E91414 /* ImageCache.swift in Sources */ = {isa = PBXBuildFile; fileRef = EE2403E324F16F3400E91414 /* ImageCache.swift */; };
		EE2403E624F170B700E91414 /* EnvironmentValues.swift in Sources */ = {isa = PBXBuildFile; fileRef = EE2403E524F170B700E91414 /* EnvironmentValues.swift */; };
		EE2403E824F176AE00E91414 /* DateFormatter.swift in Sources */ = {isa = PBXBuildFile; fileRef = EE2403E724F176AE00E91414 /* DateFormatter.swift */; };
		EE2403EA24F17DE800E91414 /* AuthorDetails.swift in Sources */ = {isa = PBXBuildFile; fileRef = EE2403E924F17DE800E91414 /* AuthorDetails.swift */; };
		EE2403EC24F1801700E91414 /* PostDetails.swift in Sources */ = {isa = PBXBuildFile; fileRef = EE2403EB24F1801700E91414 /* PostDetails.swift */; };
		EE59F4DE24F1488500D16EA1 /* AppDelegate.swift in Sources */ = {isa = PBXBuildFile; fileRef = EE59F4DD24F1488500D16EA1 /* AppDelegate.swift */; };
		EE59F4E024F1488500D16EA1 /* SceneDelegate.swift in Sources */ = {isa = PBXBuildFile; fileRef = EE59F4DF24F1488500D16EA1 /* SceneDelegate.swift */; };
		EE59F4E324F1488500D16EA1 /* Micro_blogging_platform.xcdatamodeld in Sources */ = {isa = PBXBuildFile; fileRef = EE59F4E124F1488500D16EA1 /* Micro_blogging_platform.xcdatamodeld */; };
		EE59F4E724F1488600D16EA1 /* Assets.xcassets in Resources */ = {isa = PBXBuildFile; fileRef = EE59F4E624F1488600D16EA1 /* Assets.xcassets */; };
		EE59F4EA24F1488600D16EA1 /* Preview Assets.xcassets in Resources */ = {isa = PBXBuildFile; fileRef = EE59F4E924F1488600D16EA1 /* Preview Assets.xcassets */; };
		EE59F4ED24F1488600D16EA1 /* LaunchScreen.storyboard in Resources */ = {isa = PBXBuildFile; fileRef = EE59F4EB24F1488600D16EA1 /* LaunchScreen.storyboard */; };
		EE59F4F824F1488600D16EA1 /* Micro_blogging_platformTests.swift in Sources */ = {isa = PBXBuildFile; fileRef = EE59F4F724F1488600D16EA1 /* Micro_blogging_platformTests.swift */; };
		EE59F50324F1488600D16EA1 /* Micro_blogging_platformUITests.swift in Sources */ = {isa = PBXBuildFile; fileRef = EE59F50224F1488600D16EA1 /* Micro_blogging_platformUITests.swift */; };
		EE59F51924F14A3300D16EA1 /* AuthorsList.swift in Sources */ = {isa = PBXBuildFile; fileRef = EE59F51824F14A3300D16EA1 /* AuthorsList.swift */; };
		EE59F51B24F14BA400D16EA1 /* Author.swift in Sources */ = {isa = PBXBuildFile; fileRef = EE59F51A24F14BA400D16EA1 /* Author.swift */; };
		EE59F51D24F14CCF00D16EA1 /* AuthorRow.swift in Sources */ = {isa = PBXBuildFile; fileRef = EE59F51C24F14CCF00D16EA1 /* AuthorRow.swift */; };
		EE59F51F24F14FFD00D16EA1 /* AuthorObservable.swift in Sources */ = {isa = PBXBuildFile; fileRef = EE59F51E24F14FFD00D16EA1 /* AuthorObservable.swift */; };
		EE59F52124F1523D00D16EA1 /* Post.swift in Sources */ = {isa = PBXBuildFile; fileRef = EE59F52024F1523D00D16EA1 /* Post.swift */; };
		EE59F52624F1538A00D16EA1 /* PostRow.swift in Sources */ = {isa = PBXBuildFile; fileRef = EE59F52524F1538A00D16EA1 /* PostRow.swift */; };
		EE59F52A24F1545700D16EA1 /* PostObservable.swift in Sources */ = {isa = PBXBuildFile; fileRef = EE59F52924F1545700D16EA1 /* PostObservable.swift */; };
		EE59F52C24F154B100D16EA1 /* PostsList.swift in Sources */ = {isa = PBXBuildFile; fileRef = EE59F52B24F154B100D16EA1 /* PostsList.swift */; };
		EE59F53024F157FF00D16EA1 /* AppNavigationView.swift in Sources */ = {isa = PBXBuildFile; fileRef = EE59F52F24F157FF00D16EA1 /* AppNavigationView.swift */; };
		EE59F53224F1592F00D16EA1 /* Comment.swift in Sources */ = {isa = PBXBuildFile; fileRef = EE59F53124F1592F00D16EA1 /* Comment.swift */; };
		EE59F53424F1598400D16EA1 /* CommentRow.swift in Sources */ = {isa = PBXBuildFile; fileRef = EE59F53324F1598400D16EA1 /* CommentRow.swift */; };
		EE59F53624F15B0200D16EA1 /* CommentObservable.swift in Sources */ = {isa = PBXBuildFile; fileRef = EE59F53524F15B0200D16EA1 /* CommentObservable.swift */; };
		EE59F53824F15BDC00D16EA1 /* CommentsList.swift in Sources */ = {isa = PBXBuildFile; fileRef = EE59F53724F15BDC00D16EA1 /* CommentsList.swift */; };
		EEB7406924F15F7C00F2D5E7 /* DisplayOrder.swift in Sources */ = {isa = PBXBuildFile; fileRef = EEB7406824F15F7C00F2D5E7 /* DisplayOrder.swift */; };
/* End PBXBuildFile section */

/* Begin PBXContainerItemProxy section */
		EE59F4F424F1488600D16EA1 /* PBXContainerItemProxy */ = {
			isa = PBXContainerItemProxy;
			containerPortal = EE59F4D224F1488500D16EA1 /* Project object */;
			proxyType = 1;
			remoteGlobalIDString = EE59F4D924F1488500D16EA1;
			remoteInfo = "Micro blogging platform";
		};
		EE59F4FF24F1488600D16EA1 /* PBXContainerItemProxy */ = {
			isa = PBXContainerItemProxy;
			containerPortal = EE59F4D224F1488500D16EA1 /* Project object */;
			proxyType = 1;
			remoteGlobalIDString = EE59F4D924F1488500D16EA1;
			remoteInfo = "Micro blogging platform";
		};
/* End PBXContainerItemProxy section */

/* Begin PBXFileReference section */
		1CB73D63F984694E12996906 /* Pods-Micro blogging platform.release.xcconfig */ = {isa = PBXFileReference; includeInIndex = 1; lastKnownFileType = text.xcconfig; name = "Pods-Micro blogging platform.release.xcconfig"; path = "Target Support Files/Pods-Micro blogging platform/Pods-Micro blogging platform.release.xcconfig"; sourceTree = "<group>"; };
		29DA584E7F4DE3FA55D0F2E9 /* Pods-Micro blogging platformTests.debug.xcconfig */ = {isa = PBXFileReference; includeInIndex = 1; lastKnownFileType = text.xcconfig; name = "Pods-Micro blogging platformTests.debug.xcconfig"; path = "Target Support Files/Pods-Micro blogging platformTests/Pods-Micro blogging platformTests.debug.xcconfig"; sourceTree = "<group>"; };
		43AACD34E58249A8074BA06F /* Pods-Micro blogging platform.debug.xcconfig */ = {isa = PBXFileReference; includeInIndex = 1; lastKnownFileType = text.xcconfig; name = "Pods-Micro blogging platform.debug.xcconfig"; path = "Target Support Files/Pods-Micro blogging platform/Pods-Micro blogging platform.debug.xcconfig"; sourceTree = "<group>"; };
		4AFC8252220396C0C97422A7 /* Pods_Micro_blogging_platform.framework */ = {isa = PBXFileReference; explicitFileType = wrapper.framework; includeInIndex = 0; path = Pods_Micro_blogging_platform.framework; sourceTree = BUILT_PRODUCTS_DIR; };
		70C89B96F433B17C5FA23DA5 /* Pods_Micro_blogging_platform_Micro_blogging_platformUITests.framework */ = {isa = PBXFileReference; explicitFileType = wrapper.framework; includeInIndex = 0; path = Pods_Micro_blogging_platform_Micro_blogging_platformUITests.framework; sourceTree = BUILT_PRODUCTS_DIR; };
		9C7A98C3977958D348EA262F /* Pods-Micro blogging platform-Micro blogging platformUITests.debug.xcconfig */ = {isa = PBXFileReference; includeInIndex = 1; lastKnownFileType = text.xcconfig; name = "Pods-Micro blogging platform-Micro blogging platformUITests.debug.xcconfig"; path = "Target Support Files/Pods-Micro blogging platform-Micro blogging platformUITests/Pods-Micro blogging platform-Micro blogging platformUITests.debug.xcconfig"; sourceTree = "<group>"; };
		B883F3CBA6E1AD36CD2DE218 /* Pods-Micro blogging platformTests.release.xcconfig */ = {isa = PBXFileReference; includeInIndex = 1; lastKnownFileType = text.xcconfig; name = "Pods-Micro blogging platformTests.release.xcconfig"; path = "Target Support Files/Pods-Micro blogging platformTests/Pods-Micro blogging platformTests.release.xcconfig"; sourceTree = "<group>"; };
		BCD2396326403FA9EED0592A /* Pods-Micro blogging platform-Micro blogging platformUITests.release.xcconfig */ = {isa = PBXFileReference; includeInIndex = 1; lastKnownFileType = text.xcconfig; name = "Pods-Micro blogging platform-Micro blogging platformUITests.release.xcconfig"; path = "Target Support Files/Pods-Micro blogging platform-Micro blogging platformUITests/Pods-Micro blogging platform-Micro blogging platformUITests.release.xcconfig"; sourceTree = "<group>"; };
		BF630454E3DCDAEB3D28266D /* Pods_Micro_blogging_platformTests.framework */ = {isa = PBXFileReference; explicitFileType = wrapper.framework; includeInIndex = 0; path = Pods_Micro_blogging_platformTests.framework; sourceTree = BUILT_PRODUCTS_DIR; };
		EE2403DF24F16EBA00E91414 /* AsyncImage.swift */ = {isa = PBXFileReference; lastKnownFileType = sourcecode.swift; path = AsyncImage.swift; sourceTree = "<group>"; };
		EE2403E124F16EEE00E91414 /* ImageLoaderObservable.swift */ = {isa = PBXFileReference; lastKnownFileType = sourcecode.swift; path = ImageLoaderObservable.swift; sourceTree = "<group>"; };
		EE2403E324F16F3400E91414 /* ImageCache.swift */ = {isa = PBXFileReference; lastKnownFileType = sourcecode.swift; path = ImageCache.swift; sourceTree = "<group>"; };
		EE2403E524F170B700E91414 /* EnvironmentValues.swift */ = {isa = PBXFileReference; lastKnownFileType = sourcecode.swift; path = EnvironmentValues.swift; sourceTree = "<group>"; };
		EE2403E724F176AE00E91414 /* DateFormatter.swift */ = {isa = PBXFileReference; lastKnownFileType = sourcecode.swift; path = DateFormatter.swift; sourceTree = "<group>"; };
		EE2403E924F17DE800E91414 /* AuthorDetails.swift */ = {isa = PBXFileReference; lastKnownFileType = sourcecode.swift; path = AuthorDetails.swift; sourceTree = "<group>"; };
		EE2403EB24F1801700E91414 /* PostDetails.swift */ = {isa = PBXFileReference; lastKnownFileType = sourcecode.swift; path = PostDetails.swift; sourceTree = "<group>"; };
		EE59F4DA24F1488500D16EA1 /* Micro blogging platform.app */ = {isa = PBXFileReference; explicitFileType = wrapper.application; includeInIndex = 0; path = "Micro blogging platform.app"; sourceTree = BUILT_PRODUCTS_DIR; };
		EE59F4DD24F1488500D16EA1 /* AppDelegate.swift */ = {isa = PBXFileReference; lastKnownFileType = sourcecode.swift; path = AppDelegate.swift; sourceTree = "<group>"; };
		EE59F4DF24F1488500D16EA1 /* SceneDelegate.swift */ = {isa = PBXFileReference; lastKnownFileType = sourcecode.swift; path = SceneDelegate.swift; sourceTree = "<group>"; };
		EE59F4E224F1488500D16EA1 /* Micro_blogging_platform.xcdatamodel */ = {isa = PBXFileReference; lastKnownFileType = wrapper.xcdatamodel; path = Micro_blogging_platform.xcdatamodel; sourceTree = "<group>"; };
		EE59F4E624F1488600D16EA1 /* Assets.xcassets */ = {isa = PBXFileReference; lastKnownFileType = folder.assetcatalog; path = Assets.xcassets; sourceTree = "<group>"; };
		EE59F4E924F1488600D16EA1 /* Preview Assets.xcassets */ = {isa = PBXFileReference; lastKnownFileType = folder.assetcatalog; path = "Preview Assets.xcassets"; sourceTree = "<group>"; };
		EE59F4EC24F1488600D16EA1 /* Base */ = {isa = PBXFileReference; lastKnownFileType = file.storyboard; name = Base; path = Base.lproj/LaunchScreen.storyboard; sourceTree = "<group>"; };
		EE59F4EE24F1488600D16EA1 /* Info.plist */ = {isa = PBXFileReference; lastKnownFileType = text.plist.xml; path = Info.plist; sourceTree = "<group>"; };
		EE59F4F324F1488600D16EA1 /* Micro blogging platformTests.xctest */ = {isa = PBXFileReference; explicitFileType = wrapper.cfbundle; includeInIndex = 0; path = "Micro blogging platformTests.xctest"; sourceTree = BUILT_PRODUCTS_DIR; };
		EE59F4F724F1488600D16EA1 /* Micro_blogging_platformTests.swift */ = {isa = PBXFileReference; lastKnownFileType = sourcecode.swift; path = Micro_blogging_platformTests.swift; sourceTree = "<group>"; };
		EE59F4F924F1488600D16EA1 /* Info.plist */ = {isa = PBXFileReference; lastKnownFileType = text.plist.xml; path = Info.plist; sourceTree = "<group>"; };
		EE59F4FE24F1488600D16EA1 /* Micro blogging platformUITests.xctest */ = {isa = PBXFileReference; explicitFileType = wrapper.cfbundle; includeInIndex = 0; path = "Micro blogging platformUITests.xctest"; sourceTree = BUILT_PRODUCTS_DIR; };
		EE59F50224F1488600D16EA1 /* Micro_blogging_platformUITests.swift */ = {isa = PBXFileReference; lastKnownFileType = sourcecode.swift; path = Micro_blogging_platformUITests.swift; sourceTree = "<group>"; };
		EE59F50424F1488600D16EA1 /* Info.plist */ = {isa = PBXFileReference; lastKnownFileType = text.plist.xml; path = Info.plist; sourceTree = "<group>"; };
		EE59F51824F14A3300D16EA1 /* AuthorsList.swift */ = {isa = PBXFileReference; lastKnownFileType = sourcecode.swift; path = AuthorsList.swift; sourceTree = "<group>"; };
		EE59F51A24F14BA400D16EA1 /* Author.swift */ = {isa = PBXFileReference; lastKnownFileType = sourcecode.swift; path = Author.swift; sourceTree = "<group>"; };
		EE59F51C24F14CCF00D16EA1 /* AuthorRow.swift */ = {isa = PBXFileReference; lastKnownFileType = sourcecode.swift; path = AuthorRow.swift; sourceTree = "<group>"; };
		EE59F51E24F14FFD00D16EA1 /* AuthorObservable.swift */ = {isa = PBXFileReference; lastKnownFileType = sourcecode.swift; path = AuthorObservable.swift; sourceTree = "<group>"; };
		EE59F52024F1523D00D16EA1 /* Post.swift */ = {isa = PBXFileReference; lastKnownFileType = sourcecode.swift; path = Post.swift; sourceTree = "<group>"; };
		EE59F52524F1538A00D16EA1 /* PostRow.swift */ = {isa = PBXFileReference; lastKnownFileType = sourcecode.swift; path = PostRow.swift; sourceTree = "<group>"; };
		EE59F52924F1545700D16EA1 /* PostObservable.swift */ = {isa = PBXFileReference; lastKnownFileType = sourcecode.swift; path = PostObservable.swift; sourceTree = "<group>"; };
		EE59F52B24F154B100D16EA1 /* PostsList.swift */ = {isa = PBXFileReference; lastKnownFileType = sourcecode.swift; path = PostsList.swift; sourceTree = "<group>"; };
		EE59F52F24F157FF00D16EA1 /* AppNavigationView.swift */ = {isa = PBXFileReference; lastKnownFileType = sourcecode.swift; path = AppNavigationView.swift; sourceTree = "<group>"; };
		EE59F53124F1592F00D16EA1 /* Comment.swift */ = {isa = PBXFileReference; lastKnownFileType = sourcecode.swift; path = Comment.swift; sourceTree = "<group>"; };
		EE59F53324F1598400D16EA1 /* CommentRow.swift */ = {isa = PBXFileReference; lastKnownFileType = sourcecode.swift; path = CommentRow.swift; sourceTree = "<group>"; };
		EE59F53524F15B0200D16EA1 /* CommentObservable.swift */ = {isa = PBXFileReference; lastKnownFileType = sourcecode.swift; path = CommentObservable.swift; sourceTree = "<group>"; };
		EE59F53724F15BDC00D16EA1 /* CommentsList.swift */ = {isa = PBXFileReference; lastKnownFileType = sourcecode.swift; path = CommentsList.swift; sourceTree = "<group>"; };
		EEB7406824F15F7C00F2D5E7 /* DisplayOrder.swift */ = {isa = PBXFileReference; lastKnownFileType = sourcecode.swift; path = DisplayOrder.swift; sourceTree = "<group>"; };
/* End PBXFileReference section */

/* Begin PBXFrameworksBuildPhase section */
		EE59F4D724F1488500D16EA1 /* Frameworks */ = {
			isa = PBXFrameworksBuildPhase;
			buildActionMask = 2147483647;
			files = (
				04AA865A77568756FC1ADBA2 /* Pods_Micro_blogging_platform.framework in Frameworks */,
			);
			runOnlyForDeploymentPostprocessing = 0;
		};
		EE59F4F024F1488600D16EA1 /* Frameworks */ = {
			isa = PBXFrameworksBuildPhase;
			buildActionMask = 2147483647;
			files = (
				35ABE579BFBD3E2E4B4A458D /* Pods_Micro_blogging_platformTests.framework in Frameworks */,
			);
			runOnlyForDeploymentPostprocessing = 0;
		};
		EE59F4FB24F1488600D16EA1 /* Frameworks */ = {
			isa = PBXFrameworksBuildPhase;
			buildActionMask = 2147483647;
			files = (
				ECDEB5F33BA398C24AD721AF /* Pods_Micro_blogging_platform_Micro_blogging_platformUITests.framework in Frameworks */,
			);
			runOnlyForDeploymentPostprocessing = 0;
		};
/* End PBXFrameworksBuildPhase section */

/* Begin PBXGroup section */
		0B80B736BDC2E3EB97CCF524 /* Frameworks */ = {
			isa = PBXGroup;
			children = (
				4AFC8252220396C0C97422A7 /* Pods_Micro_blogging_platform.framework */,
				70C89B96F433B17C5FA23DA5 /* Pods_Micro_blogging_platform_Micro_blogging_platformUITests.framework */,
				BF630454E3DCDAEB3D28266D /* Pods_Micro_blogging_platformTests.framework */,
			);
			name = Frameworks;
			sourceTree = "<group>";
		};
		84D3DA12A9AED50A923A8CD3 /* Pods */ = {
			isa = PBXGroup;
			children = (
				43AACD34E58249A8074BA06F /* Pods-Micro blogging platform.debug.xcconfig */,
				1CB73D63F984694E12996906 /* Pods-Micro blogging platform.release.xcconfig */,
				9C7A98C3977958D348EA262F /* Pods-Micro blogging platform-Micro blogging platformUITests.debug.xcconfig */,
				BCD2396326403FA9EED0592A /* Pods-Micro blogging platform-Micro blogging platformUITests.release.xcconfig */,
				29DA584E7F4DE3FA55D0F2E9 /* Pods-Micro blogging platformTests.debug.xcconfig */,
				B883F3CBA6E1AD36CD2DE218 /* Pods-Micro blogging platformTests.release.xcconfig */,
			);
			path = Pods;
			sourceTree = "<group>";
		};
		EE59F4D124F1488500D16EA1 = {
			isa = PBXGroup;
			children = (
				EE59F4DC24F1488500D16EA1 /* Micro blogging platform */,
				EE59F4F624F1488600D16EA1 /* Micro blogging platformTests */,
				EE59F50124F1488600D16EA1 /* Micro blogging platformUITests */,
				EE59F4DB24F1488500D16EA1 /* Products */,
				84D3DA12A9AED50A923A8CD3 /* Pods */,
				0B80B736BDC2E3EB97CCF524 /* Frameworks */,
			);
			sourceTree = "<group>";
		};
		EE59F4DB24F1488500D16EA1 /* Products */ = {
			isa = PBXGroup;
			children = (
				EE59F4DA24F1488500D16EA1 /* Micro blogging platform.app */,
				EE59F4F324F1488600D16EA1 /* Micro blogging platformTests.xctest */,
				EE59F4FE24F1488600D16EA1 /* Micro blogging platformUITests.xctest */,
			);
			name = Products;
			sourceTree = "<group>";
		};
		EE59F4DC24F1488500D16EA1 /* Micro blogging platform */ = {
			isa = PBXGroup;
			children = (
				EE59F51524F149AC00D16EA1 /* Model */,
				EE59F51424F149AA00D16EA1 /* View */,
				EE59F51324F149A700D16EA1 /* ViewModel */,
				EE59F51224F149A300D16EA1 /* Helper */,
				EE59F51124F1499F00D16EA1 /* Extension */,
				EE59F51024F1499A00D16EA1 /* Ressources */,
				EE59F4DD24F1488500D16EA1 /* AppDelegate.swift */,
				EE59F4DF24F1488500D16EA1 /* SceneDelegate.swift */,
				EE59F4EB24F1488600D16EA1 /* LaunchScreen.storyboard */,
				EE59F4EE24F1488600D16EA1 /* Info.plist */,
				EE59F4E124F1488500D16EA1 /* Micro_blogging_platform.xcdatamodeld */,
				EE59F4E824F1488600D16EA1 /* Preview Content */,
			);
			path = "Micro blogging platform";
			sourceTree = "<group>";
		};
		EE59F4E824F1488600D16EA1 /* Preview Content */ = {
			isa = PBXGroup;
			children = (
				EE59F4E924F1488600D16EA1 /* Preview Assets.xcassets */,
			);
			path = "Preview Content";
			sourceTree = "<group>";
		};
		EE59F4F624F1488600D16EA1 /* Micro blogging platformTests */ = {
			isa = PBXGroup;
			children = (
				EE59F4F724F1488600D16EA1 /* Micro_blogging_platformTests.swift */,
				EE59F4F924F1488600D16EA1 /* Info.plist */,
			);
			path = "Micro blogging platformTests";
			sourceTree = "<group>";
		};
		EE59F50124F1488600D16EA1 /* Micro blogging platformUITests */ = {
			isa = PBXGroup;
			children = (
				EE59F50224F1488600D16EA1 /* Micro_blogging_platformUITests.swift */,
				EE59F50424F1488600D16EA1 /* Info.plist */,
			);
			path = "Micro blogging platformUITests";
			sourceTree = "<group>";
		};
		EE59F51024F1499A00D16EA1 /* Ressources */ = {
			isa = PBXGroup;
			children = (
				EE59F4E624F1488600D16EA1 /* Assets.xcassets */,
			);
			path = Ressources;
			sourceTree = "<group>";
		};
		EE59F51124F1499F00D16EA1 /* Extension */ = {
			isa = PBXGroup;
			children = (
				EE2403E524F170B700E91414 /* EnvironmentValues.swift */,
			);
			path = Extension;
			sourceTree = "<group>";
		};
		EE59F51224F149A300D16EA1 /* Helper */ = {
			isa = PBXGroup;
			children = (
				EEB7406824F15F7C00F2D5E7 /* DisplayOrder.swift */,
				EE2403E724F176AE00E91414 /* DateFormatter.swift */,
			);
			path = Helper;
			sourceTree = "<group>";
		};
		EE59F51324F149A700D16EA1 /* ViewModel */ = {
			isa = PBXGroup;
			children = (
				EE59F51E24F14FFD00D16EA1 /* AuthorObservable.swift */,
				EE59F52924F1545700D16EA1 /* PostObservable.swift */,
				EE59F53524F15B0200D16EA1 /* CommentObservable.swift */,
				EE2403E124F16EEE00E91414 /* ImageLoaderObservable.swift */,
			);
			path = ViewModel;
			sourceTree = "<group>";
		};
		EE59F51424F149AA00D16EA1 /* View */ = {
			isa = PBXGroup;
			children = (
				EE59F52F24F157FF00D16EA1 /* AppNavigationView.swift */,
				EE59F52224F1534B00D16EA1 /* Author */,
				EE59F52324F1535400D16EA1 /* Post */,
				EE59F52424F1535A00D16EA1 /* Comment */,
				EE2403DF24F16EBA00E91414 /* AsyncImage.swift */,
			);
			path = View;
			sourceTree = "<group>";
		};
		EE59F51524F149AC00D16EA1 /* Model */ = {
			isa = PBXGroup;
			children = (
				EE59F51A24F14BA400D16EA1 /* Author.swift */,
				EE59F52024F1523D00D16EA1 /* Post.swift */,
				EE59F53124F1592F00D16EA1 /* Comment.swift */,
				EE2403E324F16F3400E91414 /* ImageCache.swift */,
			);
			path = Model;
			sourceTree = "<group>";
		};
		EE59F52224F1534B00D16EA1 /* Author */ = {
			isa = PBXGroup;
			children = (
				EE59F51824F14A3300D16EA1 /* AuthorsList.swift */,
				EE59F51C24F14CCF00D16EA1 /* AuthorRow.swift */,
				EE2403E924F17DE800E91414 /* AuthorDetails.swift */,
			);
			path = Author;
			sourceTree = "<group>";
		};
		EE59F52324F1535400D16EA1 /* Post */ = {
			isa = PBXGroup;
			children = (
				EE59F52B24F154B100D16EA1 /* PostsList.swift */,
				EE59F52524F1538A00D16EA1 /* PostRow.swift */,
				EE2403EB24F1801700E91414 /* PostDetails.swift */,
			);
			path = Post;
			sourceTree = "<group>";
		};
		EE59F52424F1535A00D16EA1 /* Comment */ = {
			isa = PBXGroup;
			children = (
				EE59F53724F15BDC00D16EA1 /* CommentsList.swift */,
				EE59F53324F1598400D16EA1 /* CommentRow.swift */,
			);
			path = Comment;
			sourceTree = "<group>";
		};
/* End PBXGroup section */

/* Begin PBXNativeTarget section */
		EE59F4D924F1488500D16EA1 /* Micro blogging platform */ = {
			isa = PBXNativeTarget;
			buildConfigurationList = EE59F50724F1488600D16EA1 /* Build configuration list for PBXNativeTarget "Micro blogging platform" */;
			buildPhases = (
				898349DC3185CCA030B8A539 /* [CP] Check Pods Manifest.lock */,
				EE59F4D624F1488500D16EA1 /* Sources */,
				EE59F4D724F1488500D16EA1 /* Frameworks */,
				EE59F4D824F1488500D16EA1 /* Resources */,
				D93791893A65A2240AD8570D /* [CP] Embed Pods Frameworks */,
			);
			buildRules = (
			);
			dependencies = (
			);
			name = "Micro blogging platform";
			productName = "Micro blogging platform";
			productReference = EE59F4DA24F1488500D16EA1 /* Micro blogging platform.app */;
			productType = "com.apple.product-type.application";
		};
		EE59F4F224F1488600D16EA1 /* Micro blogging platformTests */ = {
			isa = PBXNativeTarget;
			buildConfigurationList = EE59F50A24F1488600D16EA1 /* Build configuration list for PBXNativeTarget "Micro blogging platformTests" */;
			buildPhases = (
				18375071053390ED95C0B16C /* [CP] Check Pods Manifest.lock */,
				EE59F4EF24F1488600D16EA1 /* Sources */,
				EE59F4F024F1488600D16EA1 /* Frameworks */,
				EE59F4F124F1488600D16EA1 /* Resources */,
			);
			buildRules = (
			);
			dependencies = (
				EE59F4F524F1488600D16EA1 /* PBXTargetDependency */,
			);
			name = "Micro blogging platformTests";
			productName = "Micro blogging platformTests";
			productReference = EE59F4F324F1488600D16EA1 /* Micro blogging platformTests.xctest */;
			productType = "com.apple.product-type.bundle.unit-test";
		};
		EE59F4FD24F1488600D16EA1 /* Micro blogging platformUITests */ = {
			isa = PBXNativeTarget;
			buildConfigurationList = EE59F50D24F1488600D16EA1 /* Build configuration list for PBXNativeTarget "Micro blogging platformUITests" */;
			buildPhases = (
				8660E6A64D95F51A41E05C82 /* [CP] Check Pods Manifest.lock */,
				EE59F4FA24F1488600D16EA1 /* Sources */,
				EE59F4FB24F1488600D16EA1 /* Frameworks */,
				EE59F4FC24F1488600D16EA1 /* Resources */,
				1ADB81AC8F404BEDD613F229 /* [CP] Embed Pods Frameworks */,
			);
			buildRules = (
			);
			dependencies = (
				EE59F50024F1488600D16EA1 /* PBXTargetDependency */,
			);
			name = "Micro blogging platformUITests";
			productName = "Micro blogging platformUITests";
			productReference = EE59F4FE24F1488600D16EA1 /* Micro blogging platformUITests.xctest */;
			productType = "com.apple.product-type.bundle.ui-testing";
		};
/* End PBXNativeTarget section */

/* Begin PBXProject section */
		EE59F4D224F1488500D16EA1 /* Project object */ = {
			isa = PBXProject;
			attributes = {
				LastSwiftUpdateCheck = 1160;
				LastUpgradeCheck = 1160;
				ORGANIZATIONNAME = user177985;
				TargetAttributes = {
					EE59F4D924F1488500D16EA1 = {
						CreatedOnToolsVersion = 11.6;
					};
					EE59F4F224F1488600D16EA1 = {
						CreatedOnToolsVersion = 11.6;
						TestTargetID = EE59F4D924F1488500D16EA1;
					};
					EE59F4FD24F1488600D16EA1 = {
						CreatedOnToolsVersion = 11.6;
						TestTargetID = EE59F4D924F1488500D16EA1;
					};
				};
			};
			buildConfigurationList = EE59F4D524F1488500D16EA1 /* Build configuration list for PBXProject "Micro blogging platform" */;
			compatibilityVersion = "Xcode 9.3";
			developmentRegion = en;
			hasScannedForEncodings = 0;
			knownRegions = (
				en,
				Base,
			);
			mainGroup = EE59F4D124F1488500D16EA1;
			productRefGroup = EE59F4DB24F1488500D16EA1 /* Products */;
			projectDirPath = "";
			projectRoot = "";
			targets = (
				EE59F4D924F1488500D16EA1 /* Micro blogging platform */,
				EE59F4F224F1488600D16EA1 /* Micro blogging platformTests */,
				EE59F4FD24F1488600D16EA1 /* Micro blogging platformUITests */,
			);
		};
/* End PBXProject section */

/* Begin PBXResourcesBuildPhase section */
		EE59F4D824F1488500D16EA1 /* Resources */ = {
			isa = PBXResourcesBuildPhase;
			buildActionMask = 2147483647;
			files = (
				EE59F4ED24F1488600D16EA1 /* LaunchScreen.storyboard in Resources */,
				EE59F4EA24F1488600D16EA1 /* Preview Assets.xcassets in Resources */,
				EE59F4E724F1488600D16EA1 /* Assets.xcassets in Resources */,
			);
			runOnlyForDeploymentPostprocessing = 0;
		};
		EE59F4F124F1488600D16EA1 /* Resources */ = {
			isa = PBXResourcesBuildPhase;
			buildActionMask = 2147483647;
			files = (
			);
			runOnlyForDeploymentPostprocessing = 0;
		};
		EE59F4FC24F1488600D16EA1 /* Resources */ = {
			isa = PBXResourcesBuildPhase;
			buildActionMask = 2147483647;
			files = (
			);
			runOnlyForDeploymentPostprocessing = 0;
		};
/* End PBXResourcesBuildPhase section */

/* Begin PBXShellScriptBuildPhase section */
		18375071053390ED95C0B16C /* [CP] Check Pods Manifest.lock */ = {
			isa = PBXShellScriptBuildPhase;
			buildActionMask = 2147483647;
			files = (
			);
			inputFileListPaths = (
			);
			inputPaths = (
				"${PODS_PODFILE_DIR_PATH}/Podfile.lock",
				"${PODS_ROOT}/Manifest.lock",
			);
			name = "[CP] Check Pods Manifest.lock";
			outputFileListPaths = (
			);
			outputPaths = (
				"$(DERIVED_FILE_DIR)/Pods-Micro blogging platformTests-checkManifestLockResult.txt",
			);
			runOnlyForDeploymentPostprocessing = 0;
			shellPath = /bin/sh;
			shellScript = "diff \"${PODS_PODFILE_DIR_PATH}/Podfile.lock\" \"${PODS_ROOT}/Manifest.lock\" > /dev/null\nif [ $? != 0 ] ; then\n    # print error to STDERR\n    echo \"error: The sandbox is not in sync with the Podfile.lock. Run 'pod install' or update your CocoaPods installation.\" >&2\n    exit 1\nfi\n# This output is used by Xcode 'outputs' to avoid re-running this script phase.\necho \"SUCCESS\" > \"${SCRIPT_OUTPUT_FILE_0}\"\n";
			showEnvVarsInLog = 0;
		};
		1ADB81AC8F404BEDD613F229 /* [CP] Embed Pods Frameworks */ = {
			isa = PBXShellScriptBuildPhase;
			buildActionMask = 2147483647;
			files = (
			);
			inputFileListPaths = (
				"${PODS_ROOT}/Target Support Files/Pods-Micro blogging platform-Micro blogging platformUITests/Pods-Micro blogging platform-Micro blogging platformUITests-frameworks-${CONFIGURATION}-input-files.xcfilelist",
			);
			name = "[CP] Embed Pods Frameworks";
			outputFileListPaths = (
				"${PODS_ROOT}/Target Support Files/Pods-Micro blogging platform-Micro blogging platformUITests/Pods-Micro blogging platform-Micro blogging platformUITests-frameworks-${CONFIGURATION}-output-files.xcfilelist",
			);
			runOnlyForDeploymentPostprocessing = 0;
			shellPath = /bin/sh;
			shellScript = "\"${PODS_ROOT}/Target Support Files/Pods-Micro blogging platform-Micro blogging platformUITests/Pods-Micro blogging platform-Micro blogging platformUITests-frameworks.sh\"\n";
			showEnvVarsInLog = 0;
		};
		8660E6A64D95F51A41E05C82 /* [CP] Check Pods Manifest.lock */ = {
			isa = PBXShellScriptBuildPhase;
			buildActionMask = 2147483647;
			files = (
			);
			inputFileListPaths = (
			);
			inputPaths = (
				"${PODS_PODFILE_DIR_PATH}/Podfile.lock",
				"${PODS_ROOT}/Manifest.lock",
			);
			name = "[CP] Check Pods Manifest.lock";
			outputFileListPaths = (
			);
			outputPaths = (
				"$(DERIVED_FILE_DIR)/Pods-Micro blogging platform-Micro blogging platformUITests-checkManifestLockResult.txt",
			);
			runOnlyForDeploymentPostprocessing = 0;
			shellPath = /bin/sh;
			shellScript = "diff \"${PODS_PODFILE_DIR_PATH}/Podfile.lock\" \"${PODS_ROOT}/Manifest.lock\" > /dev/null\nif [ $? != 0 ] ; then\n    # print error to STDERR\n    echo \"error: The sandbox is not in sync with the Podfile.lock. Run 'pod install' or update your CocoaPods installation.\" >&2\n    exit 1\nfi\n# This output is used by Xcode 'outputs' to avoid re-running this script phase.\necho \"SUCCESS\" > \"${SCRIPT_OUTPUT_FILE_0}\"\n";
			showEnvVarsInLog = 0;
		};
		898349DC3185CCA030B8A539 /* [CP] Check Pods Manifest.lock */ = {
			isa = PBXShellScriptBuildPhase;
			buildActionMask = 2147483647;
			files = (
			);
			inputFileListPaths = (
			);
			inputPaths = (
				"${PODS_PODFILE_DIR_PATH}/Podfile.lock",
				"${PODS_ROOT}/Manifest.lock",
			);
			name = "[CP] Check Pods Manifest.lock";
			outputFileListPaths = (
			);
			outputPaths = (
				"$(DERIVED_FILE_DIR)/Pods-Micro blogging platform-checkManifestLockResult.txt",
			);
			runOnlyForDeploymentPostprocessing = 0;
			shellPath = /bin/sh;
			shellScript = "diff \"${PODS_PODFILE_DIR_PATH}/Podfile.lock\" \"${PODS_ROOT}/Manifest.lock\" > /dev/null\nif [ $? != 0 ] ; then\n    # print error to STDERR\n    echo \"error: The sandbox is not in sync with the Podfile.lock. Run 'pod install' or update your CocoaPods installation.\" >&2\n    exit 1\nfi\n# This output is used by Xcode 'outputs' to avoid re-running this script phase.\necho \"SUCCESS\" > \"${SCRIPT_OUTPUT_FILE_0}\"\n";
			showEnvVarsInLog = 0;
		};
		D93791893A65A2240AD8570D /* [CP] Embed Pods Frameworks */ = {
			isa = PBXShellScriptBuildPhase;
			buildActionMask = 2147483647;
			files = (
			);
			inputFileListPaths = (
				"${PODS_ROOT}/Target Support Files/Pods-Micro blogging platform/Pods-Micro blogging platform-frameworks-${CONFIGURATION}-input-files.xcfilelist",
			);
			name = "[CP] Embed Pods Frameworks";
			outputFileListPaths = (
				"${PODS_ROOT}/Target Support Files/Pods-Micro blogging platform/Pods-Micro blogging platform-frameworks-${CONFIGURATION}-output-files.xcfilelist",
			);
			runOnlyForDeploymentPostprocessing = 0;
			shellPath = /bin/sh;
			shellScript = "\"${PODS_ROOT}/Target Support Files/Pods-Micro blogging platform/Pods-Micro blogging platform-frameworks.sh\"\n";
			showEnvVarsInLog = 0;
		};
/* End PBXShellScriptBuildPhase section */

/* Begin PBXSourcesBuildPhase section */
		EE59F4D624F1488500D16EA1 /* Sources */ = {
			isa = PBXSourcesBuildPhase;
			buildActionMask = 2147483647;
			files = (
				EE2403EC24F1801700E91414 /* PostDetails.swift in Sources */,
				EE59F52A24F1545700D16EA1 /* PostObservable.swift in Sources */,
				EE59F51F24F14FFD00D16EA1 /* AuthorObservable.swift in Sources */,
				EE59F52C24F154B100D16EA1 /* PostsList.swift in Sources */,
				EE59F4DE24F1488500D16EA1 /* AppDelegate.swift in Sources */,
				EE59F4E324F1488500D16EA1 /* Micro_blogging_platform.xcdatamodeld in Sources */,
				EE59F52124F1523D00D16EA1 /* Post.swift in Sources */,
				EE59F51924F14A3300D16EA1 /* AuthorsList.swift in Sources */,
				EE2403E624F170B700E91414 /* EnvironmentValues.swift in Sources */,
				EE59F51D24F14CCF00D16EA1 /* AuthorRow.swift in Sources */,
				EE2403EA24F17DE800E91414 /* AuthorDetails.swift in Sources */,
				EE59F53224F1592F00D16EA1 /* Comment.swift in Sources */,
				EE2403E224F16EEE00E91414 /* ImageLoaderObservable.swift in Sources */,
				EE2403E424F16F3400E91414 /* ImageCache.swift in Sources */,
				EE59F4E024F1488500D16EA1 /* SceneDelegate.swift in Sources */,
				EE2403E024F16EBA00E91414 /* AsyncImage.swift in Sources */,
				EE59F52624F1538A00D16EA1 /* PostRow.swift in Sources */,
				EE59F53024F157FF00D16EA1 /* AppNavigationView.swift in Sources */,
				EE2403E824F176AE00E91414 /* DateFormatter.swift in Sources */,
				EE59F53424F1598400D16EA1 /* CommentRow.swift in Sources */,
				EE59F53624F15B0200D16EA1 /* CommentObservable.swift in Sources */,
				EE59F51B24F14BA400D16EA1 /* Author.swift in Sources */,
				EEB7406924F15F7C00F2D5E7 /* DisplayOrder.swift in Sources */,
				EE59F53824F15BDC00D16EA1 /* CommentsList.swift in Sources */,
			);
			runOnlyForDeploymentPostprocessing = 0;
		};
		EE59F4EF24F1488600D16EA1 /* Sources */ = {
			isa = PBXSourcesBuildPhase;
			buildActionMask = 2147483647;
			files = (
				EE59F4F824F1488600D16EA1 /* Micro_blogging_platformTests.swift in Sources */,
			);
			runOnlyForDeploymentPostprocessing = 0;
		};
		EE59F4FA24F1488600D16EA1 /* Sources */ = {
			isa = PBXSourcesBuildPhase;
			buildActionMask = 2147483647;
			files = (
				EE59F50324F1488600D16EA1 /* Micro_blogging_platformUITests.swift in Sources */,
			);
			runOnlyForDeploymentPostprocessing = 0;
		};
/* End PBXSourcesBuildPhase section */

/* Begin PBXTargetDependency section */
		EE59F4F524F1488600D16EA1 /* PBXTargetDependency */ = {
			isa = PBXTargetDependency;
			target = EE59F4D924F1488500D16EA1 /* Micro blogging platform */;
			targetProxy = EE59F4F424F1488600D16EA1 /* PBXContainerItemProxy */;
		};
		EE59F50024F1488600D16EA1 /* PBXTargetDependency */ = {
			isa = PBXTargetDependency;
			target = EE59F4D924F1488500D16EA1 /* Micro blogging platform */;
			targetProxy = EE59F4FF24F1488600D16EA1 /* PBXContainerItemProxy */;
		};
/* End PBXTargetDependency section */

/* Begin PBXVariantGroup section */
		EE59F4EB24F1488600D16EA1 /* LaunchScreen.storyboard */ = {
			isa = PBXVariantGroup;
			children = (
				EE59F4EC24F1488600D16EA1 /* Base */,
			);
			name = LaunchScreen.storyboard;
			sourceTree = "<group>";
		};
/* End PBXVariantGroup section */

/* Begin XCBuildConfiguration section */
		EE59F50524F1488600D16EA1 /* Debug */ = {
			isa = XCBuildConfiguration;
			buildSettings = {
				ALWAYS_SEARCH_USER_PATHS = NO;
				CLANG_ANALYZER_NONNULL = YES;
				CLANG_ANALYZER_NUMBER_OBJECT_CONVERSION = YES_AGGRESSIVE;
				CLANG_CXX_LANGUAGE_STANDARD = "gnu++14";
				CLANG_CXX_LIBRARY = "libc++";
				CLANG_ENABLE_MODULES = YES;
				CLANG_ENABLE_OBJC_ARC = YES;
				CLANG_ENABLE_OBJC_WEAK = YES;
				CLANG_WARN_BLOCK_CAPTURE_AUTORELEASING = YES;
				CLANG_WARN_BOOL_CONVERSION = YES;
				CLANG_WARN_COMMA = YES;
				CLANG_WARN_CONSTANT_CONVERSION = YES;
				CLANG_WARN_DEPRECATED_OBJC_IMPLEMENTATIONS = YES;
				CLANG_WARN_DIRECT_OBJC_ISA_USAGE = YES_ERROR;
				CLANG_WARN_DOCUMENTATION_COMMENTS = YES;
				CLANG_WARN_EMPTY_BODY = YES;
				CLANG_WARN_ENUM_CONVERSION = YES;
				CLANG_WARN_INFINITE_RECURSION = YES;
				CLANG_WARN_INT_CONVERSION = YES;
				CLANG_WARN_NON_LITERAL_NULL_CONVERSION = YES;
				CLANG_WARN_OBJC_IMPLICIT_RETAIN_SELF = YES;
				CLANG_WARN_OBJC_LITERAL_CONVERSION = YES;
				CLANG_WARN_OBJC_ROOT_CLASS = YES_ERROR;
				CLANG_WARN_RANGE_LOOP_ANALYSIS = YES;
				CLANG_WARN_STRICT_PROTOTYPES = YES;
				CLANG_WARN_SUSPICIOUS_MOVE = YES;
				CLANG_WARN_UNGUARDED_AVAILABILITY = YES_AGGRESSIVE;
				CLANG_WARN_UNREACHABLE_CODE = YES;
				CLANG_WARN__DUPLICATE_METHOD_MATCH = YES;
				COPY_PHASE_STRIP = NO;
				DEBUG_INFORMATION_FORMAT = dwarf;
				ENABLE_STRICT_OBJC_MSGSEND = YES;
				ENABLE_TESTABILITY = YES;
				GCC_C_LANGUAGE_STANDARD = gnu11;
				GCC_DYNAMIC_NO_PIC = NO;
				GCC_NO_COMMON_BLOCKS = YES;
				GCC_OPTIMIZATION_LEVEL = 0;
				GCC_PREPROCESSOR_DEFINITIONS = (
					"DEBUG=1",
					"$(inherited)",
				);
				GCC_WARN_64_TO_32_BIT_CONVERSION = YES;
				GCC_WARN_ABOUT_RETURN_TYPE = YES_ERROR;
				GCC_WARN_UNDECLARED_SELECTOR = YES;
				GCC_WARN_UNINITIALIZED_AUTOS = YES_AGGRESSIVE;
				GCC_WARN_UNUSED_FUNCTION = YES;
				GCC_WARN_UNUSED_VARIABLE = YES;
				IPHONEOS_DEPLOYMENT_TARGET = 13.6;
				MTL_ENABLE_DEBUG_INFO = INCLUDE_SOURCE;
				MTL_FAST_MATH = YES;
				ONLY_ACTIVE_ARCH = YES;
				SDKROOT = iphoneos;
				SWIFT_ACTIVE_COMPILATION_CONDITIONS = DEBUG;
				SWIFT_OPTIMIZATION_LEVEL = "-Onone";
			};
			name = Debug;
		};
		EE59F50624F1488600D16EA1 /* Release */ = {
			isa = XCBuildConfiguration;
			buildSettings = {
				ALWAYS_SEARCH_USER_PATHS = NO;
				CLANG_ANALYZER_NONNULL = YES;
				CLANG_ANALYZER_NUMBER_OBJECT_CONVERSION = YES_AGGRESSIVE;
				CLANG_CXX_LANGUAGE_STANDARD = "gnu++14";
				CLANG_CXX_LIBRARY = "libc++";
				CLANG_ENABLE_MODULES = YES;
				CLANG_ENABLE_OBJC_ARC = YES;
				CLANG_ENABLE_OBJC_WEAK = YES;
				CLANG_WARN_BLOCK_CAPTURE_AUTORELEASING = YES;
				CLANG_WARN_BOOL_CONVERSION = YES;
				CLANG_WARN_COMMA = YES;
				CLANG_WARN_CONSTANT_CONVERSION = YES;
				CLANG_WARN_DEPRECATED_OBJC_IMPLEMENTATIONS = YES;
				CLANG_WARN_DIRECT_OBJC_ISA_USAGE = YES_ERROR;
				CLANG_WARN_DOCUMENTATION_COMMENTS = YES;
				CLANG_WARN_EMPTY_BODY = YES;
				CLANG_WARN_ENUM_CONVERSION = YES;
				CLANG_WARN_INFINITE_RECURSION = YES;
				CLANG_WARN_INT_CONVERSION = YES;
				CLANG_WARN_NON_LITERAL_NULL_CONVERSION = YES;
				CLANG_WARN_OBJC_IMPLICIT_RETAIN_SELF = YES;
				CLANG_WARN_OBJC_LITERAL_CONVERSION = YES;
				CLANG_WARN_OBJC_ROOT_CLASS = YES_ERROR;
				CLANG_WARN_RANGE_LOOP_ANALYSIS = YES;
				CLANG_WARN_STRICT_PROTOTYPES = YES;
				CLANG_WARN_SUSPICIOUS_MOVE = YES;
				CLANG_WARN_UNGUARDED_AVAILABILITY = YES_AGGRESSIVE;
				CLANG_WARN_UNREACHABLE_CODE = YES;
				CLANG_WARN__DUPLICATE_METHOD_MATCH = YES;
				COPY_PHASE_STRIP = NO;
				DEBUG_INFORMATION_FORMAT = "dwarf-with-dsym";
				ENABLE_NS_ASSERTIONS = NO;
				ENABLE_STRICT_OBJC_MSGSEND = YES;
				GCC_C_LANGUAGE_STANDARD = gnu11;
				GCC_NO_COMMON_BLOCKS = YES;
				GCC_WARN_64_TO_32_BIT_CONVERSION = YES;
				GCC_WARN_ABOUT_RETURN_TYPE = YES_ERROR;
				GCC_WARN_UNDECLARED_SELECTOR = YES;
				GCC_WARN_UNINITIALIZED_AUTOS = YES_AGGRESSIVE;
				GCC_WARN_UNUSED_FUNCTION = YES;
				GCC_WARN_UNUSED_VARIABLE = YES;
				IPHONEOS_DEPLOYMENT_TARGET = 13.6;
				MTL_ENABLE_DEBUG_INFO = NO;
				MTL_FAST_MATH = YES;
				SDKROOT = iphoneos;
				SWIFT_COMPILATION_MODE = wholemodule;
				SWIFT_OPTIMIZATION_LEVEL = "-O";
				VALIDATE_PRODUCT = YES;
			};
			name = Release;
		};
		EE59F50824F1488600D16EA1 /* Debug */ = {
			isa = XCBuildConfiguration;
			baseConfigurationReference = 43AACD34E58249A8074BA06F /* Pods-Micro blogging platform.debug.xcconfig */;
			buildSettings = {
				ASSETCATALOG_COMPILER_APPICON_NAME = AppIcon;
				CODE_SIGN_STYLE = Automatic;
				DEVELOPMENT_ASSET_PATHS = "\"Micro blogging platform/Preview Content\"";
				ENABLE_PREVIEWS = YES;
				INFOPLIST_FILE = "Micro blogging platform/Info.plist";
				LD_RUNPATH_SEARCH_PATHS = (
					"$(inherited)",
					"@executable_path/Frameworks",
				);
				PRODUCT_BUNDLE_IDENTIFIER = "com.florian.Micro-blogging-platform";
				PRODUCT_NAME = "$(TARGET_NAME)";
				SWIFT_VERSION = 5.0;
				TARGETED_DEVICE_FAMILY = "1,2";
			};
			name = Debug;
		};
		EE59F50924F1488600D16EA1 /* Release */ = {
			isa = XCBuildConfiguration;
			baseConfigurationReference = 1CB73D63F984694E12996906 /* Pods-Micro blogging platform.release.xcconfig */;
			buildSettings = {
				ASSETCATALOG_COMPILER_APPICON_NAME = AppIcon;
				CODE_SIGN_STYLE = Automatic;
				DEVELOPMENT_ASSET_PATHS = "\"Micro blogging platform/Preview Content\"";
				ENABLE_PREVIEWS = YES;
				INFOPLIST_FILE = "Micro blogging platform/Info.plist";
				LD_RUNPATH_SEARCH_PATHS = (
					"$(inherited)",
					"@executable_path/Frameworks",
				);
				PRODUCT_BUNDLE_IDENTIFIER = "com.florian.Micro-blogging-platform";
				PRODUCT_NAME = "$(TARGET_NAME)";
				SWIFT_VERSION = 5.0;
				TARGETED_DEVICE_FAMILY = "1,2";
			};
			name = Release;
		};
		EE59F50B24F1488600D16EA1 /* Debug */ = {
			isa = XCBuildConfiguration;
			baseConfigurationReference = 29DA584E7F4DE3FA55D0F2E9 /* Pods-Micro blogging platformTests.debug.xcconfig */;
			buildSettings = {
				ALWAYS_EMBED_SWIFT_STANDARD_LIBRARIES = YES;
				BUNDLE_LOADER = "$(TEST_HOST)";
				CODE_SIGN_STYLE = Automatic;
				INFOPLIST_FILE = "Micro blogging platformTests/Info.plist";
				IPHONEOS_DEPLOYMENT_TARGET = 13.6;
				LD_RUNPATH_SEARCH_PATHS = (
					"$(inherited)",
					"@executable_path/Frameworks",
					"@loader_path/Frameworks",
				);
				PRODUCT_BUNDLE_IDENTIFIER = "com.florian.Micro-blogging-platformTests";
				PRODUCT_NAME = "$(TARGET_NAME)";
				SWIFT_VERSION = 5.0;
				TARGETED_DEVICE_FAMILY = "1,2";
				TEST_HOST = "$(BUILT_PRODUCTS_DIR)/Micro blogging platform.app/Micro blogging platform";
			};
			name = Debug;
		};
		EE59F50C24F1488600D16EA1 /* Release */ = {
			isa = XCBuildConfiguration;
			baseConfigurationReference = B883F3CBA6E1AD36CD2DE218 /* Pods-Micro blogging platformTests.release.xcconfig */;
			buildSettings = {
				ALWAYS_EMBED_SWIFT_STANDARD_LIBRARIES = YES;
				BUNDLE_LOADER = "$(TEST_HOST)";
				CODE_SIGN_STYLE = Automatic;
				INFOPLIST_FILE = "Micro blogging platformTests/Info.plist";
				IPHONEOS_DEPLOYMENT_TARGET = 13.6;
				LD_RUNPATH_SEARCH_PATHS = (
					"$(inherited)",
					"@executable_path/Frameworks",
					"@loader_path/Frameworks",
				);
				PRODUCT_BUNDLE_IDENTIFIER = "com.florian.Micro-blogging-platformTests";
				PRODUCT_NAME = "$(TARGET_NAME)";
				SWIFT_VERSION = 5.0;
				TARGETED_DEVICE_FAMILY = "1,2";
				TEST_HOST = "$(BUILT_PRODUCTS_DIR)/Micro blogging platform.app/Micro blogging platform";
			};
			name = Release;
		};
		EE59F50E24F1488600D16EA1 /* Debug */ = {
			isa = XCBuildConfiguration;
			baseConfigurationReference = 9C7A98C3977958D348EA262F /* Pods-Micro blogging platform-Micro blogging platformUITests.debug.xcconfig */;
			buildSettings = {
				ALWAYS_EMBED_SWIFT_STANDARD_LIBRARIES = YES;
				CODE_SIGN_STYLE = Automatic;
				INFOPLIST_FILE = "Micro blogging platformUITests/Info.plist";
				LD_RUNPATH_SEARCH_PATHS = (
					"$(inherited)",
					"@executable_path/Frameworks",
					"@loader_path/Frameworks",
				);
				PRODUCT_BUNDLE_IDENTIFIER = "com.florian.Micro-blogging-platformUITests";
				PRODUCT_NAME = "$(TARGET_NAME)";
				SWIFT_VERSION = 5.0;
				TARGETED_DEVICE_FAMILY = "1,2";
				TEST_TARGET_NAME = "Micro blogging platform";
			};
			name = Debug;
		};
		EE59F50F24F1488600D16EA1 /* Release */ = {
			isa = XCBuildConfiguration;
			baseConfigurationReference = BCD2396326403FA9EED0592A /* Pods-Micro blogging platform-Micro blogging platformUITests.release.xcconfig */;
			buildSettings = {
				ALWAYS_EMBED_SWIFT_STANDARD_LIBRARIES = YES;
				CODE_SIGN_STYLE = Automatic;
				INFOPLIST_FILE = "Micro blogging platformUITests/Info.plist";
				LD_RUNPATH_SEARCH_PATHS = (
					"$(inherited)",
					"@executable_path/Frameworks",
					"@loader_path/Frameworks",
				);
				PRODUCT_BUNDLE_IDENTIFIER = "com.florian.Micro-blogging-platformUITests";
				PRODUCT_NAME = "$(TARGET_NAME)";
				SWIFT_VERSION = 5.0;
				TARGETED_DEVICE_FAMILY = "1,2";
				TEST_TARGET_NAME = "Micro blogging platform";
			};
			name = Release;
		};
/* End XCBuildConfiguration section */

/* Begin XCConfigurationList section */
		EE59F4D524F1488500D16EA1 /* Build configuration list for PBXProject "Micro blogging platform" */ = {
			isa = XCConfigurationList;
			buildConfigurations = (
				EE59F50524F1488600D16EA1 /* Debug */,
				EE59F50624F1488600D16EA1 /* Release */,
			);
			defaultConfigurationIsVisible = 0;
			defaultConfigurationName = Release;
		};
		EE59F50724F1488600D16EA1 /* Build configuration list for PBXNativeTarget "Micro blogging platform" */ = {
			isa = XCConfigurationList;
			buildConfigurations = (
				EE59F50824F1488600D16EA1 /* Debug */,
				EE59F50924F1488600D16EA1 /* Release */,
			);
			defaultConfigurationIsVisible = 0;
			defaultConfigurationName = Release;
		};
		EE59F50A24F1488600D16EA1 /* Build configuration list for PBXNativeTarget "Micro blogging platformTests" */ = {
			isa = XCConfigurationList;
			buildConfigurations = (
				EE59F50B24F1488600D16EA1 /* Debug */,
				EE59F50C24F1488600D16EA1 /* Release */,
			);
			defaultConfigurationIsVisible = 0;
			defaultConfigurationName = Release;
		};
		EE59F50D24F1488600D16EA1 /* Build configuration list for PBXNativeTarget "Micro blogging platformUITests" */ = {
			isa = XCConfigurationList;
			buildConfigurations = (
				EE59F50E24F1488600D16EA1 /* Debug */,
				EE59F50F24F1488600D16EA1 /* Release */,
			);
			defaultConfigurationIsVisible = 0;
			defaultConfigurationName = Release;
		};
/* End XCConfigurationList section */

/* Begin XCVersionGroup section */
		EE59F4E124F1488500D16EA1 /* Micro_blogging_platform.xcdatamodeld */ = {
			isa = XCVersionGroup;
			children = (
				EE59F4E224F1488500D16EA1 /* Micro_blogging_platform.xcdatamodel */,
			);
			currentVersion = EE59F4E224F1488500D16EA1 /* Micro_blogging_platform.xcdatamodel */;
			path = Micro_blogging_platform.xcdatamodeld;
			sourceTree = "<group>";
			versionGroupType = wrapper.xcdatamodel;
		};
/* End XCVersionGroup section */
	};
	rootObject = EE59F4D224F1488500D16EA1 /* Project object */;
}
